
Microsoft Visual Studio Solution File, Format Version 12.00
# Visual Studio 15
VisualStudioVersion = 15.0.27703.2035
MinimumVisualStudioVersion = 10.0.40219.1
Project("{FAE04EC0-301F-11D3-BF4B-00C04F79EFBC}") = "2FABotDemo", "2FABotDemo\2FABotDemo.csproj", "{7071CE82-51A5-4311-9F6E-334033225540}"
EndProject
Global
	GlobalSection(SolutionConfigurationPlatforms) = preSolution
		Debug|Any CPU = Debug|Any CPU
		Release|Any CPU = Release|Any CPU
	EndGlobalSection
	GlobalSection(ProjectConfigurationPlatforms) = postSolution
		{7071CE82-51A5-4311-9F6E-334033225540}.Debug|Any CPU.ActiveCfg = Debug|Any CPU
		{7071CE82-51A5-4311-9F6E-334033225540}.Debug|Any CPU.Build.0 = Debug|Any CPU
		{7071CE82-51A5-4311-9F6E-334033225540}.Release|Any CPU.ActiveCfg = Release|Any CPU
		{7071CE82-51A5-4311-9F6E-334033225540}.Release|Any CPU.Build.0 = Release|Any CPU
	EndGlobalSection
	GlobalSection(SolutionProperties) = preSolution
		HideSolutionNode = FALSE
	EndGlobalSection
	GlobalSection(ExtensibilityGlobals) = postSolution
		SolutionGuid = {02C20A8F-12AC-45DF-A47B-6E42BDE1322B}
	EndGlobalSection
EndGlobal
